
Microsoft Visual Studio Solution File, Format Version 12.00
# Visual Studio Version 16
VisualStudioVersion = 16.0.32630.194
MinimumVisualStudioVersion = 10.0.40219.1
Project("{FAE04EC0-301F-11D3-BF4B-00C04F79EFBC}") = "CV_Entity_ASP.Net", "CV_Entity_ASP.Net\CV_Entity_ASP.Net.csproj", "{27A7DF22-BA8D-4C90-B8BF-DE6E5895BF80}"
EndProject
Global
	GlobalSection(SolutionConfigurationPlatforms) = preSolution
		Debug|Any CPU = Debug|Any CPU
		Release|Any CPU = Release|Any CPU
	EndGlobalSection
	GlobalSection(ProjectConfigurationPlatforms) = postSolution
		{27A7DF22-BA8D-4C90-B8BF-DE6E5895BF80}.Debug|Any CPU.ActiveCfg = Debug|Any CPU
		{27A7DF22-BA8D-4C90-B8BF-DE6E5895BF80}.Debug|Any CPU.Build.0 = Debug|Any CPU
		{27A7DF22-BA8D-4C90-B8BF-DE6E5895BF80}.Release|Any CPU.ActiveCfg = Release|Any CPU
		{27A7DF22-BA8D-4C90-B8BF-DE6E5895BF80}.Release|Any CPU.Build.0 = Release|Any CPU
	EndGlobalSection
	GlobalSection(SolutionProperties) = preSolution
		HideSolutionNode = FALSE
	EndGlobalSection
	GlobalSection(ExtensibilityGlobals) = postSolution
		SolutionGuid = {89E02E25-8C9B-421D-A5F5-A45A49881EB4}
	EndGlobalSection
EndGlobal
